
Microsoft Visual Studio Solution File, Format Version 12.00
# Visual Studio Version 17
VisualStudioVersion = 17.14.36310.24 d17.14
MinimumVisualStudioVersion = 10.0.40219.1
Project("{FAE04EC0-301F-11D3-BF4B-00C04F79EFBC}") = "GestionTareas.API", "GestionTareas.API\GestionTareas.API.csproj", "{C490B978-6934-49FD-A9B7-9C846A2ACED8}"
EndProject
Project("{FAE04EC0-301F-11D3-BF4B-00C04F79EFBC}") = "GestionTareas.Infraestructura", "GestionTareas.Infraestructura\GestionTareas.Infraestructura.csproj", "{9B4CE665-14B3-41D0-ADC6-43482BFF3301}"
EndProject
Project("{FAE04EC0-301F-11D3-BF4B-00C04F79EFBC}") = "GestionTareas.Applicaction", "GestionTareas.Applicaction\GestionTareas.Applicaction.csproj", "{721528E6-898D-4358-8798-C7672561F712}"
EndProject
Project("{FAE04EC0-301F-11D3-BF4B-00C04F79EFBC}") = "GestionTareas.Domain", "GestionTareas.Domain\GestionTareas.Domain.csproj", "{3F5F0E50-5DBB-42B5-AE89-32DE624A538C}"
EndProject
Global
	GlobalSection(SolutionConfigurationPlatforms) = preSolution
		Debug|Any CPU = Debug|Any CPU
		Release|Any CPU = Release|Any CPU
	EndGlobalSection
	GlobalSection(ProjectConfigurationPlatforms) = postSolution
		{C490B978-6934-49FD-A9B7-9C846A2ACED8}.Debug|Any CPU.ActiveCfg = Debug|Any CPU
		{C490B978-6934-49FD-A9B7-9C846A2ACED8}.Debug|Any CPU.Build.0 = Debug|Any CPU
		{C490B978-6934-49FD-A9B7-9C846A2ACED8}.Release|Any CPU.ActiveCfg = Release|Any CPU
		{C490B978-6934-49FD-A9B7-9C846A2ACED8}.Release|Any CPU.Build.0 = Release|Any CPU
		{9B4CE665-14B3-41D0-ADC6-43482BFF3301}.Debug|Any CPU.ActiveCfg = Debug|Any CPU
		{9B4CE665-14B3-41D0-ADC6-43482BFF3301}.Debug|Any CPU.Build.0 = Debug|Any CPU
		{9B4CE665-14B3-41D0-ADC6-43482BFF3301}.Release|Any CPU.ActiveCfg = Release|Any CPU
		{9B4CE665-14B3-41D0-ADC6-43482BFF3301}.Release|Any CPU.Build.0 = Release|Any CPU
		{721528E6-898D-4358-8798-C7672561F712}.Debug|Any CPU.ActiveCfg = Debug|Any CPU
		{721528E6-898D-4358-8798-C7672561F712}.Debug|Any CPU.Build.0 = Debug|Any CPU
		{721528E6-898D-4358-8798-C7672561F712}.Release|Any CPU.ActiveCfg = Release|Any CPU
		{721528E6-898D-4358-8798-C7672561F712}.Release|Any CPU.Build.0 = Release|Any CPU
		{3F5F0E50-5DBB-42B5-AE89-32DE624A538C}.Debug|Any CPU.ActiveCfg = Debug|Any CPU
		{3F5F0E50-5DBB-42B5-AE89-32DE624A538C}.Debug|Any CPU.Build.0 = Debug|Any CPU
		{3F5F0E50-5DBB-42B5-AE89-32DE624A538C}.Release|Any CPU.ActiveCfg = Release|Any CPU
		{3F5F0E50-5DBB-42B5-AE89-32DE624A538C}.Release|Any CPU.Build.0 = Release|Any CPU
	EndGlobalSection
	GlobalSection(SolutionProperties) = preSolution
		HideSolutionNode = FALSE
	EndGlobalSection
	GlobalSection(ExtensibilityGlobals) = postSolution
		SolutionGuid = {0B2A929B-13EF-4517-886B-A49D93DF48D9}
	EndGlobalSection
EndGlobal
